// !$*UTF8*$!
{
	archiveVersion = 1;
	classes = {
	};
	objectVersion = 50;
	objects = {

/* Begin PBXBuildFile section */
		CFC9BA0A26A65E8C00D5A65D /* AppDelegate.swift in Sources */ = {isa = PBXBuildFile; fileRef = CFC9BA0926A65E8C00D5A65D /* AppDelegate.swift */; };
		CFC9BA0C26A65E8C00D5A65D /* SceneDelegate.swift in Sources */ = {isa = PBXBuildFile; fileRef = CFC9BA0B26A65E8C00D5A65D /* SceneDelegate.swift */; };
		CFC9BA0E26A65E8C00D5A65D /* ViewController.swift in Sources */ = {isa = PBXBuildFile; fileRef = CFC9BA0D26A65E8C00D5A65D /* ViewController.swift */; };
		CFC9BA1126A65E8C00D5A65D /* Main.storyboard in Resources */ = {isa = PBXBuildFile; fileRef = CFC9BA0F26A65E8C00D5A65D /* Main.storyboard */; };
		CFC9BA1426A65E8C00D5A65D /* To_Do_List_Proj.xcdatamodeld in Sources */ = {isa = PBXBuildFile; fileRef = CFC9BA1226A65E8C00D5A65D /* To_Do_List_Proj.xcdatamodeld */; };
		CFC9BA1626A65E8D00D5A65D /* Assets.xcassets in Resources */ = {isa = PBXBuildFile; fileRef = CFC9BA1526A65E8D00D5A65D /* Assets.xcassets */; };
		CFC9BA1926A65E8D00D5A65D /* LaunchScreen.storyboard in Resources */ = {isa = PBXBuildFile; fileRef = CFC9BA1726A65E8D00D5A65D /* LaunchScreen.storyboard */; };
		CFC9BA2426A65E8D00D5A65D /* To_Do_List_ProjTests.swift in Sources */ = {isa = PBXBuildFile; fileRef = CFC9BA2326A65E8D00D5A65D /* To_Do_List_ProjTests.swift */; };
		CFC9BA2F26A65E8E00D5A65D /* To_Do_List_ProjUITests.swift in Sources */ = {isa = PBXBuildFile; fileRef = CFC9BA2E26A65E8E00D5A65D /* To_Do_List_ProjUITests.swift */; };
		CFC9BA4026A6619900D5A65D /* To-Do TableViewController.swift in Sources */ = {isa = PBXBuildFile; fileRef = CFC9BA3F26A6619900D5A65D /* To-Do TableViewController.swift */; };
		CFC9BA4526A661F500D5A65D /* ToDo.swift in Sources */ = {isa = PBXBuildFile; fileRef = CFC9BA4426A661F500D5A65D /* ToDo.swift */; };
		CFC9BA4A26A66EA100D5A65D /* AddToDoViewController.swift in Sources */ = {isa = PBXBuildFile; fileRef = CFC9BA4926A66EA100D5A65D /* AddToDoViewController.swift */; };
		CFC9BA4F26A674EB00D5A65D /* CompleteToDoViewController.swift in Sources */ = {isa = PBXBuildFile; fileRef = CFC9BA4E26A674EB00D5A65D /* CompleteToDoViewController.swift */; };
/* End PBXBuildFile section */

/* Begin PBXContainerItemProxy section */
		CFC9BA2026A65E8D00D5A65D /* PBXContainerItemProxy */ = {
			isa = PBXContainerItemProxy;
			containerPortal = CFC9B9FE26A65E8C00D5A65D /* Project object */;
			proxyType = 1;
			remoteGlobalIDString = CFC9BA0526A65E8C00D5A65D;
			remoteInfo = "To Do List Proj";
		};
		CFC9BA2B26A65E8E00D5A65D /* PBXContainerItemProxy */ = {
			isa = PBXContainerItemProxy;
			containerPortal = CFC9B9FE26A65E8C00D5A65D /* Project object */;
			proxyType = 1;
			remoteGlobalIDString = CFC9BA0526A65E8C00D5A65D;
			remoteInfo = "To Do List Proj";
		};
/* End PBXContainerItemProxy section */

/* Begin PBXFileReference section */
		CFC9BA0626A65E8C00D5A65D /* To Do List Proj.app */ = {isa = PBXFileReference; explicitFileType = wrapper.application; includeInIndex = 0; path = "To Do List Proj.app"; sourceTree = BUILT_PRODUCTS_DIR; };
		CFC9BA0926A65E8C00D5A65D /* AppDelegate.swift */ = {isa = PBXFileReference; lastKnownFileType = sourcecode.swift; path = AppDelegate.swift; sourceTree = "<group>"; };
		CFC9BA0B26A65E8C00D5A65D /* SceneDelegate.swift */ = {isa = PBXFileReference; lastKnownFileType = sourcecode.swift; path = SceneDelegate.swift; sourceTree = "<group>"; };
		CFC9BA0D26A65E8C00D5A65D /* ViewController.swift */ = {isa = PBXFileReference; lastKnownFileType = sourcecode.swift; path = ViewController.swift; sourceTree = "<group>"; };
		CFC9BA1026A65E8C00D5A65D /* Base */ = {isa = PBXFileReference; lastKnownFileType = file.storyboard; name = Base; path = Base.lproj/Main.storyboard; sourceTree = "<group>"; };
		CFC9BA1326A65E8C00D5A65D /* To_Do_List_Proj.xcdatamodel */ = {isa = PBXFileReference; lastKnownFileType = wrapper.xcdatamodel; path = To_Do_List_Proj.xcdatamodel; sourceTree = "<group>"; };
		CFC9BA1526A65E8D00D5A65D /* Assets.xcassets */ = {isa = PBXFileReference; lastKnownFileType = folder.assetcatalog; path = Assets.xcassets; sourceTree = "<group>"; };
		CFC9BA1826A65E8D00D5A65D /* Base */ = {isa = PBXFileReference; lastKnownFileType = file.storyboard; name = Base; path = Base.lproj/LaunchScreen.storyboard; sourceTree = "<group>"; };
		CFC9BA1A26A65E8D00D5A65D /* Info.plist */ = {isa = PBXFileReference; lastKnownFileType = text.plist.xml; path = Info.plist; sourceTree = "<group>"; };
		CFC9BA1F26A65E8D00D5A65D /* To Do List ProjTests.xctest */ = {isa = PBXFileReference; explicitFileType = wrapper.cfbundle; includeInIndex = 0; path = "To Do List ProjTests.xctest"; sourceTree = BUILT_PRODUCTS_DIR; };
		CFC9BA2326A65E8D00D5A65D /* To_Do_List_ProjTests.swift */ = {isa = PBXFileReference; lastKnownFileType = sourcecode.swift; path = To_Do_List_ProjTests.swift; sourceTree = "<group>"; };
		CFC9BA2526A65E8D00D5A65D /* Info.plist */ = {isa = PBXFileReference; lastKnownFileType = text.plist.xml; path = Info.plist; sourceTree = "<group>"; };
		CFC9BA2A26A65E8E00D5A65D /* To Do List ProjUITests.xctest */ = {isa = PBXFileReference; explicitFileType = wrapper.cfbundle; includeInIndex = 0; path = "To Do List ProjUITests.xctest"; sourceTree = BUILT_PRODUCTS_DIR; };
		CFC9BA2E26A65E8E00D5A65D /* To_Do_List_ProjUITests.swift */ = {isa = PBXFileReference; lastKnownFileType = sourcecode.swift; path = To_Do_List_ProjUITests.swift; sourceTree = "<group>"; };
		CFC9BA3026A65E8E00D5A65D /* Info.plist */ = {isa = PBXFileReference; lastKnownFileType = text.plist.xml; path = Info.plist; sourceTree = "<group>"; };
		CFC9BA3F26A6619900D5A65D /* To-Do TableViewController.swift */ = {isa = PBXFileReference; lastKnownFileType = sourcecode.swift; path = "To-Do TableViewController.swift"; sourceTree = "<group>"; };
		CFC9BA4426A661F500D5A65D /* ToDo.swift */ = {isa = PBXFileReference; lastKnownFileType = sourcecode.swift; path = ToDo.swift; sourceTree = "<group>"; };
		CFC9BA4926A66EA100D5A65D /* AddToDoViewController.swift */ = {isa = PBXFileReference; lastKnownFileType = sourcecode.swift; path = AddToDoViewController.swift; sourceTree = "<group>"; };
		CFC9BA4E26A674EB00D5A65D /* CompleteToDoViewController.swift */ = {isa = PBXFileReference; lastKnownFileType = sourcecode.swift; path = CompleteToDoViewController.swift; sourceTree = "<group>"; };
/* End PBXFileReference section */

/* Begin PBXFrameworksBuildPhase section */
		CFC9BA0326A65E8C00D5A65D /* Frameworks */ = {
			isa = PBXFrameworksBuildPhase;
			buildActionMask = 2147483647;
			files = (
			);
			runOnlyForDeploymentPostprocessing = 0;
		};
		CFC9BA1C26A65E8D00D5A65D /* Frameworks */ = {
			isa = PBXFrameworksBuildPhase;
			buildActionMask = 2147483647;
			files = (
			);
			runOnlyForDeploymentPostprocessing = 0;
		};
		CFC9BA2726A65E8E00D5A65D /* Frameworks */ = {
			isa = PBXFrameworksBuildPhase;
			buildActionMask = 2147483647;
			files = (
			);
			runOnlyForDeploymentPostprocessing = 0;
		};
/* End PBXFrameworksBuildPhase section */

/* Begin PBXGroup section */
		CFC9B9FD26A65E8C00D5A65D = {
			isa = PBXGroup;
			children = (
				CFC9BA0826A65E8C00D5A65D /* To Do List Proj */,
				CFC9BA2226A65E8D00D5A65D /* To Do List ProjTests */,
				CFC9BA2D26A65E8E00D5A65D /* To Do List ProjUITests */,
				CFC9BA0726A65E8C00D5A65D /* Products */,
			);
			sourceTree = "<group>";
		};
		CFC9BA0726A65E8C00D5A65D /* Products */ = {
			isa = PBXGroup;
			children = (
				CFC9BA0626A65E8C00D5A65D /* To Do List Proj.app */,
				CFC9BA1F26A65E8D00D5A65D /* To Do List ProjTests.xctest */,
				CFC9BA2A26A65E8E00D5A65D /* To Do List ProjUITests.xctest */,
			);
			name = Products;
			sourceTree = "<group>";
		};
		CFC9BA0826A65E8C00D5A65D /* To Do List Proj */ = {
			isa = PBXGroup;
			children = (
				CFC9BA0926A65E8C00D5A65D /* AppDelegate.swift */,
				CFC9BA0B26A65E8C00D5A65D /* SceneDelegate.swift */,
				CFC9BA0D26A65E8C00D5A65D /* ViewController.swift */,
				CFC9BA0F26A65E8C00D5A65D /* Main.storyboard */,
				CFC9BA1526A65E8D00D5A65D /* Assets.xcassets */,
				CFC9BA1726A65E8D00D5A65D /* LaunchScreen.storyboard */,
				CFC9BA1A26A65E8D00D5A65D /* Info.plist */,
				CFC9BA1226A65E8C00D5A65D /* To_Do_List_Proj.xcdatamodeld */,
				CFC9BA3F26A6619900D5A65D /* To-Do TableViewController.swift */,
				CFC9BA4426A661F500D5A65D /* ToDo.swift */,
				CFC9BA4926A66EA100D5A65D /* AddToDoViewController.swift */,
				CFC9BA4E26A674EB00D5A65D /* CompleteToDoViewController.swift */,
			);
			path = "To Do List Proj";
			sourceTree = "<group>";
		};
		CFC9BA2226A65E8D00D5A65D /* To Do List ProjTests */ = {
			isa = PBXGroup;
			children = (
				CFC9BA2326A65E8D00D5A65D /* To_Do_List_ProjTests.swift */,
				CFC9BA2526A65E8D00D5A65D /* Info.plist */,
			);
			path = "To Do List ProjTests";
			sourceTree = "<group>";
		};
		CFC9BA2D26A65E8E00D5A65D /* To Do List ProjUITests */ = {
			isa = PBXGroup;
			children = (
				CFC9BA2E26A65E8E00D5A65D /* To_Do_List_ProjUITests.swift */,
				CFC9BA3026A65E8E00D5A65D /* Info.plist */,
			);
			path = "To Do List ProjUITests";
			sourceTree = "<group>";
		};
/* End PBXGroup section */

/* Begin PBXNativeTarget section */
		CFC9BA0526A65E8C00D5A65D /* To Do List Proj */ = {
			isa = PBXNativeTarget;
			buildConfigurationList = CFC9BA3326A65E8E00D5A65D /* Build configuration list for PBXNativeTarget "To Do List Proj" */;
			buildPhases = (
				CFC9BA0226A65E8C00D5A65D /* Sources */,
				CFC9BA0326A65E8C00D5A65D /* Frameworks */,
				CFC9BA0426A65E8C00D5A65D /* Resources */,
			);
			buildRules = (
			);
			dependencies = (
			);
			name = "To Do List Proj";
			productName = "To Do List Proj";
			productReference = CFC9BA0626A65E8C00D5A65D /* To Do List Proj.app */;
			productType = "com.apple.product-type.application";
		};
		CFC9BA1E26A65E8D00D5A65D /* To Do List ProjTests */ = {
			isa = PBXNativeTarget;
			buildConfigurationList = CFC9BA3626A65E8E00D5A65D /* Build configuration list for PBXNativeTarget "To Do List ProjTests" */;
			buildPhases = (
				CFC9BA1B26A65E8D00D5A65D /* Sources */,
				CFC9BA1C26A65E8D00D5A65D /* Frameworks */,
				CFC9BA1D26A65E8D00D5A65D /* Resources */,
			);
			buildRules = (
			);
			dependencies = (
				CFC9BA2126A65E8D00D5A65D /* PBXTargetDependency */,
			);
			name = "To Do List ProjTests";
			productName = "To Do List ProjTests";
			productReference = CFC9BA1F26A65E8D00D5A65D /* To Do List ProjTests.xctest */;
			productType = "com.apple.product-type.bundle.unit-test";
		};
		CFC9BA2926A65E8E00D5A65D /* To Do List ProjUITests */ = {
			isa = PBXNativeTarget;
			buildConfigurationList = CFC9BA3926A65E8E00D5A65D /* Build configuration list for PBXNativeTarget "To Do List ProjUITests" */;
			buildPhases = (
				CFC9BA2626A65E8E00D5A65D /* Sources */,
				CFC9BA2726A65E8E00D5A65D /* Frameworks */,
				CFC9BA2826A65E8E00D5A65D /* Resources */,
			);
			buildRules = (
			);
			dependencies = (
				CFC9BA2C26A65E8E00D5A65D /* PBXTargetDependency */,
			);
			name = "To Do List ProjUITests";
			productName = "To Do List ProjUITests";
			productReference = CFC9BA2A26A65E8E00D5A65D /* To Do List ProjUITests.xctest */;
			productType = "com.apple.product-type.bundle.ui-testing";
		};
/* End PBXNativeTarget section */

/* Begin PBXProject section */
		CFC9B9FE26A65E8C00D5A65D /* Project object */ = {
			isa = PBXProject;
			attributes = {
				LastSwiftUpdateCheck = 1200;
				LastUpgradeCheck = 1200;
				TargetAttributes = {
					CFC9BA0526A65E8C00D5A65D = {
						CreatedOnToolsVersion = 12.0.1;
					};
					CFC9BA1E26A65E8D00D5A65D = {
						CreatedOnToolsVersion = 12.0.1;
						TestTargetID = CFC9BA0526A65E8C00D5A65D;
					};
					CFC9BA2926A65E8E00D5A65D = {
						CreatedOnToolsVersion = 12.0.1;
						TestTargetID = CFC9BA0526A65E8C00D5A65D;
					};
				};
			};
			buildConfigurationList = CFC9BA0126A65E8C00D5A65D /* Build configuration list for PBXProject "To Do List Proj" */;
			compatibilityVersion = "Xcode 9.3";
			developmentRegion = en;
			hasScannedForEncodings = 0;
			knownRegions = (
				en,
				Base,
			);
			mainGroup = CFC9B9FD26A65E8C00D5A65D;
			productRefGroup = CFC9BA0726A65E8C00D5A65D /* Products */;
			projectDirPath = "";
			projectRoot = "";
			targets = (
				CFC9BA0526A65E8C00D5A65D /* To Do List Proj */,
				CFC9BA1E26A65E8D00D5A65D /* To Do List ProjTests */,
				CFC9BA2926A65E8E00D5A65D /* To Do List ProjUITests */,
			);
		};
/* End PBXProject section */

/* Begin PBXResourcesBuildPhase section */
		CFC9BA0426A65E8C00D5A65D /* Resources */ = {
			isa = PBXResourcesBuildPhase;
			buildActionMask = 2147483647;
			files = (
				CFC9BA1926A65E8D00D5A65D /* LaunchScreen.storyboard in Resources */,
				CFC9BA1626A65E8D00D5A65D /* Assets.xcassets in Resources */,
				CFC9BA1126A65E8C00D5A65D /* Main.storyboard in Resources */,
			);
			runOnlyForDeploymentPostprocessing = 0;
		};
		CFC9BA1D26A65E8D00D5A65D /* Resources */ = {
			isa = PBXResourcesBuildPhase;
			buildActionMask = 2147483647;
			files = (
			);
			runOnlyForDeploymentPostprocessing = 0;
		};
		CFC9BA2826A65E8E00D5A65D /* Resources */ = {
			isa = PBXResourcesBuildPhase;
			buildActionMask = 2147483647;
			files = (
			);
			runOnlyForDeploymentPostprocessing = 0;
		};
/* End PBXResourcesBuildPhase section */

/* Begin PBXSourcesBuildPhase section */
		CFC9BA0226A65E8C00D5A65D /* Sources */ = {
			isa = PBXSourcesBuildPhase;
			buildActionMask = 2147483647;
			files = (
				CFC9BA4026A6619900D5A65D /* To-Do TableViewController.swift in Sources */,
				CFC9BA0E26A65E8C00D5A65D /* ViewController.swift in Sources */,
				CFC9BA4F26A674EB00D5A65D /* CompleteToDoViewController.swift in Sources */,
				CFC9BA0A26A65E8C00D5A65D /* AppDelegate.swift in Sources */,
				CFC9BA4526A661F500D5A65D /* ToDo.swift in Sources */,
				CFC9BA4A26A66EA100D5A65D /* AddToDoViewController.swift in Sources */,
				CFC9BA1426A65E8C00D5A65D /* To_Do_List_Proj.xcdatamodeld in Sources */,
				CFC9BA0C26A65E8C00D5A65D /* SceneDelegate.swift in Sources */,
			);
			runOnlyForDeploymentPostprocessing = 0;
		};
		CFC9BA1B26A65E8D00D5A65D /* Sources */ = {
			isa = PBXSourcesBuildPhase;
			buildActionMask = 2147483647;
			files = (
				CFC9BA2426A65E8D00D5A65D /* To_Do_List_ProjTests.swift in Sources */,
			);
			runOnlyForDeploymentPostprocessing = 0;
		};
		CFC9BA2626A65E8E00D5A65D /* Sources */ = {
			isa = PBXSourcesBuildPhase;
			buildActionMask = 2147483647;
			files = (
				CFC9BA2F26A65E8E00D5A65D /* To_Do_List_ProjUITests.swift in Sources */,
			);
			runOnlyForDeploymentPostprocessing = 0;
		};
/* End PBXSourcesBuildPhase section */

/* Begin PBXTargetDependency section */
		CFC9BA2126A65E8D00D5A65D /* PBXTargetDependency */ = {
			isa = PBXTargetDependency;
			target = CFC9BA0526A65E8C00D5A65D /* To Do List Proj */;
			targetProxy = CFC9BA2026A65E8D00D5A65D /* PBXContainerItemProxy */;
		};
		CFC9BA2C26A65E8E00D5A65D /* PBXTargetDependency */ = {
			isa = PBXTargetDependency;
			target = CFC9BA0526A65E8C00D5A65D /* To Do List Proj */;
			targetProxy = CFC9BA2B26A65E8E00D5A65D /* PBXContainerItemProxy */;
		};
/* End PBXTargetDependency section */

/* Begin PBXVariantGroup section */
		CFC9BA0F26A65E8C00D5A65D /* Main.storyboard */ = {
			isa = PBXVariantGroup;
			children = (
				CFC9BA1026A65E8C00D5A65D /* Base */,
			);
			name = Main.storyboard;
			sourceTree = "<group>";
		};
		CFC9BA1726A65E8D00D5A65D /* LaunchScreen.storyboard */ = {
			isa = PBXVariantGroup;
			children = (
				CFC9BA1826A65E8D00D5A65D /* Base */,
			);
			name = LaunchScreen.storyboard;
			sourceTree = "<group>";
		};
/* End PBXVariantGroup section */

/* Begin XCBuildConfiguration section */
		CFC9BA3126A65E8E00D5A65D /* Debug */ = {
			isa = XCBuildConfiguration;
			buildSettings = {
				ALWAYS_SEARCH_USER_PATHS = NO;
				CLANG_ANALYZER_NONNULL = YES;
				CLANG_ANALYZER_NUMBER_OBJECT_CONVERSION = YES_AGGRESSIVE;
				CLANG_CXX_LANGUAGE_STANDARD = "gnu++14";
				CLANG_CXX_LIBRARY = "libc++";
				CLANG_ENABLE_MODULES = YES;
				CLANG_ENABLE_OBJC_ARC = YES;
				CLANG_ENABLE_OBJC_WEAK = YES;
				CLANG_WARN_BLOCK_CAPTURE_AUTORELEASING = YES;
				CLANG_WARN_BOOL_CONVERSION = YES;
				CLANG_WARN_COMMA = YES;
				CLANG_WARN_CONSTANT_CONVERSION = YES;
				CLANG_WARN_DEPRECATED_OBJC_IMPLEMENTATIONS = YES;
				CLANG_WARN_DIRECT_OBJC_ISA_USAGE = YES_ERROR;
				CLANG_WARN_DOCUMENTATION_COMMENTS = YES;
				CLANG_WARN_EMPTY_BODY = YES;
				CLANG_WARN_ENUM_CONVERSION = YES;
				CLANG_WARN_INFINITE_RECURSION = YES;
				CLANG_WARN_INT_CONVERSION = YES;
				CLANG_WARN_NON_LITERAL_NULL_CONVERSION = YES;
				CLANG_WARN_OBJC_IMPLICIT_RETAIN_SELF = YES;
				CLANG_WARN_OBJC_LITERAL_CONVERSION = YES;
				CLANG_WARN_OBJC_ROOT_CLASS = YES_ERROR;
				CLANG_WARN_QUOTED_INCLUDE_IN_FRAMEWORK_HEADER = YES;
				CLANG_WARN_RANGE_LOOP_ANALYSIS = YES;
				CLANG_WARN_STRICT_PROTOTYPES = YES;
				CLANG_WARN_SUSPICIOUS_MOVE = YES;
				CLANG_WARN_UNGUARDED_AVAILABILITY = YES_AGGRESSIVE;
				CLANG_WARN_UNREACHABLE_CODE = YES;
				CLANG_WARN__DUPLICATE_METHOD_MATCH = YES;
				COPY_PHASE_STRIP = NO;
				DEBUG_INFORMATION_FORMAT = dwarf;
				ENABLE_STRICT_OBJC_MSGSEND = YES;
				ENABLE_TESTABILITY = YES;
				GCC_C_LANGUAGE_STANDARD = gnu11;
				GCC_DYNAMIC_NO_PIC = NO;
				GCC_NO_COMMON_BLOCKS = YES;
				GCC_OPTIMIZATION_LEVEL = 0;
				GCC_PREPROCESSOR_DEFINITIONS = (
					"DEBUG=1",
					"$(inherited)",
				);
				GCC_WARN_64_TO_32_BIT_CONVERSION = YES;
				GCC_WARN_ABOUT_RETURN_TYPE = YES_ERROR;
				GCC_WARN_UNDECLARED_SELECTOR = YES;
				GCC_WARN_UNINITIALIZED_AUTOS = YES_AGGRESSIVE;
				GCC_WARN_UNUSED_FUNCTION = YES;
				GCC_WARN_UNUSED_VARIABLE = YES;
				IPHONEOS_DEPLOYMENT_TARGET = 14.0;
				MTL_ENABLE_DEBUG_INFO = INCLUDE_SOURCE;
				MTL_FAST_MATH = YES;
				ONLY_ACTIVE_ARCH = YES;
				SDKROOT = iphoneos;
				SWIFT_ACTIVE_COMPILATION_CONDITIONS = DEBUG;
				SWIFT_OPTIMIZATION_LEVEL = "-Onone";
			};
			name = Debug;
		};
		CFC9BA3226A65E8E00D5A65D /* Release */ = {
			isa = XCBuildConfiguration;
			buildSettings = {
				ALWAYS_SEARCH_USER_PATHS = NO;
				CLANG_ANALYZER_NONNULL = YES;
				CLANG_ANALYZER_NUMBER_OBJECT_CONVERSION = YES_AGGRESSIVE;
				CLANG_CXX_LANGUAGE_STANDARD = "gnu++14";
				CLANG_CXX_LIBRARY = "libc++";
				CLANG_ENABLE_MODULES = YES;
				CLANG_ENABLE_OBJC_ARC = YES;
				CLANG_ENABLE_OBJC_WEAK = YES;
				CLANG_WARN_BLOCK_CAPTURE_AUTORELEASING = YES;
				CLANG_WARN_BOOL_CONVERSION = YES;
				CLANG_WARN_COMMA = YES;
				CLANG_WARN_CONSTANT_CONVERSION = YES;
				CLANG_WARN_DEPRECATED_OBJC_IMPLEMENTATIONS = YES;
				CLANG_WARN_DIRECT_OBJC_ISA_USAGE = YES_ERROR;
				CLANG_WARN_DOCUMENTATION_COMMENTS = YES;
				CLANG_WARN_EMPTY_BODY = YES;
				CLANG_WARN_ENUM_CONVERSION = YES;
				CLANG_WARN_INFINITE_RECURSION = YES;
				CLANG_WARN_INT_CONVERSION = YES;
				CLANG_WARN_NON_LITERAL_NULL_CONVERSION = YES;
				CLANG_WARN_OBJC_IMPLICIT_RETAIN_SELF = YES;
				CLANG_WARN_OBJC_LITERAL_CONVERSION = YES;
				CLANG_WARN_OBJC_ROOT_CLASS = YES_ERROR;
				CLANG_WARN_QUOTED_INCLUDE_IN_FRAMEWORK_HEADER = YES;
				CLANG_WARN_RANGE_LOOP_ANALYSIS = YES;
				CLANG_WARN_STRICT_PROTOTYPES = YES;
				CLANG_WARN_SUSPICIOUS_MOVE = YES;
				CLANG_WARN_UNGUARDED_AVAILABILITY = YES_AGGRESSIVE;
				CLANG_WARN_UNREACHABLE_CODE = YES;
				CLANG_WARN__DUPLICATE_METHOD_MATCH = YES;
				COPY_PHASE_STRIP = NO;
				DEBUG_INFORMATION_FORMAT = "dwarf-with-dsym";
				ENABLE_NS_ASSERTIONS = NO;
				ENABLE_STRICT_OBJC_MSGSEND = YES;
				GCC_C_LANGUAGE_STANDARD = gnu11;
				GCC_NO_COMMON_BLOCKS = YES;
				GCC_WARN_64_TO_32_BIT_CONVERSION = YES;
				GCC_WARN_ABOUT_RETURN_TYPE = YES_ERROR;
				GCC_WARN_UNDECLARED_SELECTOR = YES;
				GCC_WARN_UNINITIALIZED_AUTOS = YES_AGGRESSIVE;
				GCC_WARN_UNUSED_FUNCTION = YES;
				GCC_WARN_UNUSED_VARIABLE = YES;
				IPHONEOS_DEPLOYMENT_TARGET = 14.0;
				MTL_ENABLE_DEBUG_INFO = NO;
				MTL_FAST_MATH = YES;
				SDKROOT = iphoneos;
				SWIFT_COMPILATION_MODE = wholemodule;
				SWIFT_OPTIMIZATION_LEVEL = "-O";
				VALIDATE_PRODUCT = YES;
			};
			name = Release;
		};
		CFC9BA3426A65E8E00D5A65D /* Debug */ = {
			isa = XCBuildConfiguration;
			buildSettings = {
				ASSETCATALOG_COMPILER_APPICON_NAME = AppIcon;
				ASSETCATALOG_COMPILER_GLOBAL_ACCENT_COLOR_NAME = AccentColor;
				CODE_SIGN_STYLE = Automatic;
				INFOPLIST_FILE = "To Do List Proj/Info.plist";
				LD_RUNPATH_SEARCH_PATHS = (
					"$(inherited)",
					"@executable_path/Frameworks",
				);
				PRODUCT_BUNDLE_IDENTIFIER = "com.cherylyee.To-Do-List-Proj";
				PRODUCT_NAME = "$(TARGET_NAME)";
				SWIFT_VERSION = 5.0;
				TARGETED_DEVICE_FAMILY = "1,2";
			};
			name = Debug;
		};
		CFC9BA3526A65E8E00D5A65D /* Release */ = {
			isa = XCBuildConfiguration;
			buildSettings = {
				ASSETCATALOG_COMPILER_APPICON_NAME = AppIcon;
				ASSETCATALOG_COMPILER_GLOBAL_ACCENT_COLOR_NAME = AccentColor;
				CODE_SIGN_STYLE = Automatic;
				INFOPLIST_FILE = "To Do List Proj/Info.plist";
				LD_RUNPATH_SEARCH_PATHS = (
					"$(inherited)",
					"@executable_path/Frameworks",
				);
				PRODUCT_BUNDLE_IDENTIFIER = "com.cherylyee.To-Do-List-Proj";
				PRODUCT_NAME = "$(TARGET_NAME)";
				SWIFT_VERSION = 5.0;
				TARGETED_DEVICE_FAMILY = "1,2";
			};
			name = Release;
		};
		CFC9BA3726A65E8E00D5A65D /* Debug */ = {
			isa = XCBuildConfiguration;
			buildSettings = {
				ALWAYS_EMBED_SWIFT_STANDARD_LIBRARIES = YES;
				BUNDLE_LOADER = "$(TEST_HOST)";
				CODE_SIGN_STYLE = Automatic;
				INFOPLIST_FILE = "To Do List ProjTests/Info.plist";
				IPHONEOS_DEPLOYMENT_TARGET = 14.0;
				LD_RUNPATH_SEARCH_PATHS = (
					"$(inherited)",
					"@executable_path/Frameworks",
					"@loader_path/Frameworks",
				);
				PRODUCT_BUNDLE_IDENTIFIER = "com.cherylyee.To-Do-List-ProjTests";
				PRODUCT_NAME = "$(TARGET_NAME)";
				SWIFT_VERSION = 5.0;
				TARGETED_DEVICE_FAMILY = "1,2";
				TEST_HOST = "$(BUILT_PRODUCTS_DIR)/To Do List Proj.app/To Do List Proj";
			};
			name = Debug;
		};
		CFC9BA3826A65E8E00D5A65D /* Release */ = {
			isa = XCBuildConfiguration;
			buildSettings = {
				ALWAYS_EMBED_SWIFT_STANDARD_LIBRARIES = YES;
				BUNDLE_LOADER = "$(TEST_HOST)";
				CODE_SIGN_STYLE = Automatic;
				INFOPLIST_FILE = "To Do List ProjTests/Info.plist";
				IPHONEOS_DEPLOYMENT_TARGET = 14.0;
				LD_RUNPATH_SEARCH_PATHS = (
					"$(inherited)",
					"@executable_path/Frameworks",
					"@loader_path/Frameworks",
				);
				PRODUCT_BUNDLE_IDENTIFIER = "com.cherylyee.To-Do-List-ProjTests";
				PRODUCT_NAME = "$(TARGET_NAME)";
				SWIFT_VERSION = 5.0;
				TARGETED_DEVICE_FAMILY = "1,2";
				TEST_HOST = "$(BUILT_PRODUCTS_DIR)/To Do List Proj.app/To Do List Proj";
			};
			name = Release;
		};
		CFC9BA3A26A65E8E00D5A65D /* Debug */ = {
			isa = XCBuildConfiguration;
			buildSettings = {
				ALWAYS_EMBED_SWIFT_STANDARD_LIBRARIES = YES;
				CODE_SIGN_STYLE = Automatic;
				INFOPLIST_FILE = "To Do List ProjUITests/Info.plist";
				LD_RUNPATH_SEARCH_PATHS = (
					"$(inherited)",
					"@executable_path/Frameworks",
					"@loader_path/Frameworks",
				);
				PRODUCT_BUNDLE_IDENTIFIER = "com.cherylyee.To-Do-List-ProjUITests";
				PRODUCT_NAME = "$(TARGET_NAME)";
				SWIFT_VERSION = 5.0;
				TARGETED_DEVICE_FAMILY = "1,2";
				TEST_TARGET_NAME = "To Do List Proj";
			};
			name = Debug;
		};
		CFC9BA3B26A65E8E00D5A65D /* Release */ = {
			isa = XCBuildConfiguration;
			buildSettings = {
				ALWAYS_EMBED_SWIFT_STANDARD_LIBRARIES = YES;
				CODE_SIGN_STYLE = Automatic;
				INFOPLIST_FILE = "To Do List ProjUITests/Info.plist";
				LD_RUNPATH_SEARCH_PATHS = (
					"$(inherited)",
					"@executable_path/Frameworks",
					"@loader_path/Frameworks",
				);
				PRODUCT_BUNDLE_IDENTIFIER = "com.cherylyee.To-Do-List-ProjUITests";
				PRODUCT_NAME = "$(TARGET_NAME)";
				SWIFT_VERSION = 5.0;
				TARGETED_DEVICE_FAMILY = "1,2";
				TEST_TARGET_NAME = "To Do List Proj";
			};
			name = Release;
		};
/* End XCBuildConfiguration section */

/* Begin XCConfigurationList section */
		CFC9BA0126A65E8C00D5A65D /* Build configuration list for PBXProject "To Do List Proj" */ = {
			isa = XCConfigurationList;
			buildConfigurations = (
				CFC9BA3126A65E8E00D5A65D /* Debug */,
				CFC9BA3226A65E8E00D5A65D /* Release */,
			);
			defaultConfigurationIsVisible = 0;
			defaultConfigurationName = Release;
		};
		CFC9BA3326A65E8E00D5A65D /* Build configuration list for PBXNativeTarget "To Do List Proj" */ = {
			isa = XCConfigurationList;
			buildConfigurations = (
				CFC9BA3426A65E8E00D5A65D /* Debug */,
				CFC9BA3526A65E8E00D5A65D /* Release */,
			);
			defaultConfigurationIsVisible = 0;
			defaultConfigurationName = Release;
		};
		CFC9BA3626A65E8E00D5A65D /* Build configuration list for PBXNativeTarget "To Do List ProjTests" */ = {
			isa = XCConfigurationList;
			buildConfigurations = (
				CFC9BA3726A65E8E00D5A65D /* Debug */,
				CFC9BA3826A65E8E00D5A65D /* Release */,
			);
			defaultConfigurationIsVisible = 0;
			defaultConfigurationName = Release;
		};
		CFC9BA3926A65E8E00D5A65D /* Build configuration list for PBXNativeTarget "To Do List ProjUITests" */ = {
			isa = XCConfigurationList;
			buildConfigurations = (
				CFC9BA3A26A65E8E00D5A65D /* Debug */,
				CFC9BA3B26A65E8E00D5A65D /* Release */,
			);
			defaultConfigurationIsVisible = 0;
			defaultConfigurationName = Release;
		};
/* End XCConfigurationList section */

/* Begin XCVersionGroup section */
		CFC9BA1226A65E8C00D5A65D /* To_Do_List_Proj.xcdatamodeld */ = {
			isa = XCVersionGroup;
			children = (
				CFC9BA1326A65E8C00D5A65D /* To_Do_List_Proj.xcdatamodel */,
			);
			currentVersion = CFC9BA1326A65E8C00D5A65D /* To_Do_List_Proj.xcdatamodel */;
			path = To_Do_List_Proj.xcdatamodeld;
			sourceTree = "<group>";
			versionGroupType = wrapper.xcdatamodel;
		};
/* End XCVersionGroup section */
	};
	rootObject = CFC9B9FE26A65E8C00D5A65D /* Project object */;
}
